// !$*UTF8*$!
{
	archiveVersion = 1;
	classes = {
	};
	objectVersion = 46;
	objects = {

/* Begin PBXBuildFile section */
		403535DD1CF3E64900F9FE58 /* MapViewController.swift in Sources */ = {isa = PBXBuildFile; fileRef = 403535DC1CF3E64900F9FE58 /* MapViewController.swift */; };
		403535DF1CF3F0B500F9FE58 /* AllOrdersTableController.swift in Sources */ = {isa = PBXBuildFile; fileRef = 403535DE1CF3F0B500F9FE58 /* AllOrdersTableController.swift */; };
		403535E01CF3F7B500F9FE58 /* MapViewController.swift in Sources */ = {isa = PBXBuildFile; fileRef = 403535DC1CF3E64900F9FE58 /* MapViewController.swift */; };
		406158E71CF303A0001A14E6 /* UserOrderCell.swift in Sources */ = {isa = PBXBuildFile; fileRef = 406158E61CF303A0001A14E6 /* UserOrderCell.swift */; };
		407166DC1CDCF0E20098B17C /* AppDelegate.swift in Sources */ = {isa = PBXBuildFile; fileRef = 407166DB1CDCF0E20098B17C /* AppDelegate.swift */; };
		407166DE1CDCF0E20098B17C /* ViewController.swift in Sources */ = {isa = PBXBuildFile; fileRef = 407166DD1CDCF0E20098B17C /* ViewController.swift */; };
		407166E11CDCF0E20098B17C /* Main.storyboard in Resources */ = {isa = PBXBuildFile; fileRef = 407166DF1CDCF0E20098B17C /* Main.storyboard */; };
		407166E31CDCF0E20098B17C /* Assets.xcassets in Resources */ = {isa = PBXBuildFile; fileRef = 407166E21CDCF0E20098B17C /* Assets.xcassets */; };
		407166E61CDCF0E20098B17C /* LaunchScreen.storyboard in Resources */ = {isa = PBXBuildFile; fileRef = 407166E41CDCF0E20098B17C /* LaunchScreen.storyboard */; };
		407166F11CDCF0E20098B17C /* DeliverNow_v2Tests.swift in Sources */ = {isa = PBXBuildFile; fileRef = 407166F01CDCF0E20098B17C /* DeliverNow_v2Tests.swift */; };
		407166FC1CDCF0E20098B17C /* DeliverNow_v2UITests.swift in Sources */ = {isa = PBXBuildFile; fileRef = 407166FB1CDCF0E20098B17C /* DeliverNow_v2UITests.swift */; };
		4071670A1CDCF18F0098B17C /* BaseService.swift in Sources */ = {isa = PBXBuildFile; fileRef = 407167091CDCF18F0098B17C /* BaseService.swift */; };
		4071670E1CDCFA9F0098B17C /* SignUpViewController.swift in Sources */ = {isa = PBXBuildFile; fileRef = 4071670D1CDCFA9F0098B17C /* SignUpViewController.swift */; };
		407167101CDCFCEA0098B17C /* ChoiceViewController.swift in Sources */ = {isa = PBXBuildFile; fileRef = 4071670F1CDCFCEA0098B17C /* ChoiceViewController.swift */; };
		40DE3B9B1CF30AF90077DC41 /* UserOrders.swift in Sources */ = {isa = PBXBuildFile; fileRef = 40DE3B9A1CF30AF90077DC41 /* UserOrders.swift */; };
		40E961601CF1DFFF008A6A7E /* UserOrdersTableViewController.swift in Sources */ = {isa = PBXBuildFile; fileRef = 40E9615F1CF1DFFF008A6A7E /* UserOrdersTableViewController.swift */; };
		40E961621CF1E316008A6A7E /* addOrderController.swift in Sources */ = {isa = PBXBuildFile; fileRef = 40E961611CF1E316008A6A7E /* addOrderController.swift */; };
		FFC96C314F7586CA4752F1B6 /* Pods_DeliverNow_v2.framework in Frameworks */ = {isa = PBXBuildFile; fileRef = C0377EE5658E455CA0F04BB0 /* Pods_DeliverNow_v2.framework */; };
/* End PBXBuildFile section */

/* Begin PBXContainerItemProxy section */
		407166ED1CDCF0E20098B17C /* PBXContainerItemProxy */ = {
			isa = PBXContainerItemProxy;
			containerPortal = 407166D01CDCF0E20098B17C /* Project object */;
			proxyType = 1;
			remoteGlobalIDString = 407166D71CDCF0E20098B17C;
			remoteInfo = "DeliverNow-v2";
		};
		407166F81CDCF0E20098B17C /* PBXContainerItemProxy */ = {
			isa = PBXContainerItemProxy;
			containerPortal = 407166D01CDCF0E20098B17C /* Project object */;
			proxyType = 1;
			remoteGlobalIDString = 407166D71CDCF0E20098B17C;
			remoteInfo = "DeliverNow-v2";
		};
/* End PBXContainerItemProxy section */

/* Begin PBXFileReference section */
		403535DC1CF3E64900F9FE58 /* MapViewController.swift */ = {isa = PBXFileReference; fileEncoding = 4; lastKnownFileType = sourcecode.swift; path = MapViewController.swift; sourceTree = "<group>"; };
		403535DE1CF3F0B500F9FE58 /* AllOrdersTableController.swift */ = {isa = PBXFileReference; fileEncoding = 4; lastKnownFileType = sourcecode.swift; path = AllOrdersTableController.swift; sourceTree = "<group>"; };
		406158E61CF303A0001A14E6 /* UserOrderCell.swift */ = {isa = PBXFileReference; fileEncoding = 4; lastKnownFileType = sourcecode.swift; path = UserOrderCell.swift; sourceTree = "<group>"; };
		407166D81CDCF0E20098B17C /* DeliverNow-v2.app */ = {isa = PBXFileReference; explicitFileType = wrapper.application; includeInIndex = 0; path = "DeliverNow-v2.app"; sourceTree = BUILT_PRODUCTS_DIR; };
		407166DB1CDCF0E20098B17C /* AppDelegate.swift */ = {isa = PBXFileReference; lastKnownFileType = sourcecode.swift; path = AppDelegate.swift; sourceTree = "<group>"; };
		407166DD1CDCF0E20098B17C /* ViewController.swift */ = {isa = PBXFileReference; lastKnownFileType = sourcecode.swift; path = ViewController.swift; sourceTree = "<group>"; };
		407166E01CDCF0E20098B17C /* Base */ = {isa = PBXFileReference; lastKnownFileType = file.storyboard; name = Base; path = Base.lproj/Main.storyboard; sourceTree = "<group>"; };
		407166E21CDCF0E20098B17C /* Assets.xcassets */ = {isa = PBXFileReference; lastKnownFileType = folder.assetcatalog; path = Assets.xcassets; sourceTree = "<group>"; };
		407166E51CDCF0E20098B17C /* Base */ = {isa = PBXFileReference; lastKnownFileType = file.storyboard; name = Base; path = Base.lproj/LaunchScreen.storyboard; sourceTree = "<group>"; };
		407166E71CDCF0E20098B17C /* Info.plist */ = {isa = PBXFileReference; lastKnownFileType = text.plist.xml; path = Info.plist; sourceTree = "<group>"; };
		407166EC1CDCF0E20098B17C /* DeliverNow-v2Tests.xctest */ = {isa = PBXFileReference; explicitFileType = wrapper.cfbundle; includeInIndex = 0; path = "DeliverNow-v2Tests.xctest"; sourceTree = BUILT_PRODUCTS_DIR; };
		407166F01CDCF0E20098B17C /* DeliverNow_v2Tests.swift */ = {isa = PBXFileReference; lastKnownFileType = sourcecode.swift; path = DeliverNow_v2Tests.swift; sourceTree = "<group>"; };
		407166F21CDCF0E20098B17C /* Info.plist */ = {isa = PBXFileReference; lastKnownFileType = text.plist.xml; path = Info.plist; sourceTree = "<group>"; };
		407166F71CDCF0E20098B17C /* DeliverNow-v2UITests.xctest */ = {isa = PBXFileReference; explicitFileType = wrapper.cfbundle; includeInIndex = 0; path = "DeliverNow-v2UITests.xctest"; sourceTree = BUILT_PRODUCTS_DIR; };
		407166FB1CDCF0E20098B17C /* DeliverNow_v2UITests.swift */ = {isa = PBXFileReference; lastKnownFileType = sourcecode.swift; path = DeliverNow_v2UITests.swift; sourceTree = "<group>"; };
		407166FD1CDCF0E20098B17C /* Info.plist */ = {isa = PBXFileReference; lastKnownFileType = text.plist.xml; path = Info.plist; sourceTree = "<group>"; };
		407167091CDCF18F0098B17C /* BaseService.swift */ = {isa = PBXFileReference; fileEncoding = 4; lastKnownFileType = sourcecode.swift; path = BaseService.swift; sourceTree = "<group>"; };
		4071670D1CDCFA9F0098B17C /* SignUpViewController.swift */ = {isa = PBXFileReference; fileEncoding = 4; lastKnownFileType = sourcecode.swift; path = SignUpViewController.swift; sourceTree = "<group>"; };
		4071670F1CDCFCEA0098B17C /* ChoiceViewController.swift */ = {isa = PBXFileReference; fileEncoding = 4; lastKnownFileType = sourcecode.swift; path = ChoiceViewController.swift; sourceTree = "<group>"; };
		40DE3B9A1CF30AF90077DC41 /* UserOrders.swift */ = {isa = PBXFileReference; fileEncoding = 4; lastKnownFileType = sourcecode.swift; path = UserOrders.swift; sourceTree = "<group>"; };
		40E9615F1CF1DFFF008A6A7E /* UserOrdersTableViewController.swift */ = {isa = PBXFileReference; fileEncoding = 4; lastKnownFileType = sourcecode.swift; path = UserOrdersTableViewController.swift; sourceTree = "<group>"; };
		40E961611CF1E316008A6A7E /* addOrderController.swift */ = {isa = PBXFileReference; fileEncoding = 4; lastKnownFileType = sourcecode.swift; path = addOrderController.swift; sourceTree = "<group>"; };
		6544D6A5D9D1500FC847FF9C /* Pods-DeliverNow-v2.release.xcconfig */ = {isa = PBXFileReference; includeInIndex = 1; lastKnownFileType = text.xcconfig; name = "Pods-DeliverNow-v2.release.xcconfig"; path = "Pods/Target Support Files/Pods-DeliverNow-v2/Pods-DeliverNow-v2.release.xcconfig"; sourceTree = "<group>"; };
		86EB1E53A8F7D5357DA8D3C9 /* Pods-DeliverNow-v2.debug.xcconfig */ = {isa = PBXFileReference; includeInIndex = 1; lastKnownFileType = text.xcconfig; name = "Pods-DeliverNow-v2.debug.xcconfig"; path = "Pods/Target Support Files/Pods-DeliverNow-v2/Pods-DeliverNow-v2.debug.xcconfig"; sourceTree = "<group>"; };
		C0377EE5658E455CA0F04BB0 /* Pods_DeliverNow_v2.framework */ = {isa = PBXFileReference; explicitFileType = wrapper.framework; includeInIndex = 0; path = Pods_DeliverNow_v2.framework; sourceTree = BUILT_PRODUCTS_DIR; };
/* End PBXFileReference section */

/* Begin PBXFrameworksBuildPhase section */
		407166D51CDCF0E20098B17C /* Frameworks */ = {
			isa = PBXFrameworksBuildPhase;
			buildActionMask = 2147483647;
			files = (
				FFC96C314F7586CA4752F1B6 /* Pods_DeliverNow_v2.framework in Frameworks */,
			);
			runOnlyForDeploymentPostprocessing = 0;
		};
		407166E91CDCF0E20098B17C /* Frameworks */ = {
			isa = PBXFrameworksBuildPhase;
			buildActionMask = 2147483647;
			files = (
			);
			runOnlyForDeploymentPostprocessing = 0;
		};
		407166F41CDCF0E20098B17C /* Frameworks */ = {
			isa = PBXFrameworksBuildPhase;
			buildActionMask = 2147483647;
			files = (
			);
			runOnlyForDeploymentPostprocessing = 0;
		};
/* End PBXFrameworksBuildPhase section */

/* Begin PBXGroup section */
		407166CF1CDCF0E20098B17C = {
			isa = PBXGroup;
			children = (
				407166DA1CDCF0E20098B17C /* DeliverNow-v2 */,
				407166EF1CDCF0E20098B17C /* DeliverNow-v2Tests */,
				407166FA1CDCF0E20098B17C /* DeliverNow-v2UITests */,
				407166D91CDCF0E20098B17C /* Products */,
				A63957DE8FF1F834D9C281F3 /* Pods */,
				85459818AE28100E6F9C3A03 /* Frameworks */,
			);
			sourceTree = "<group>";
		};
		407166D91CDCF0E20098B17C /* Products */ = {
			isa = PBXGroup;
			children = (
				407166D81CDCF0E20098B17C /* DeliverNow-v2.app */,
				407166EC1CDCF0E20098B17C /* DeliverNow-v2Tests.xctest */,
				407166F71CDCF0E20098B17C /* DeliverNow-v2UITests.xctest */,
			);
			name = Products;
			sourceTree = "<group>";
		};
		407166DA1CDCF0E20098B17C /* DeliverNow-v2 */ = {
			isa = PBXGroup;
			children = (
				407166DB1CDCF0E20098B17C /* AppDelegate.swift */,
				407166DD1CDCF0E20098B17C /* ViewController.swift */,
				407166DF1CDCF0E20098B17C /* Main.storyboard */,
				407166E21CDCF0E20098B17C /* Assets.xcassets */,
				407166E41CDCF0E20098B17C /* LaunchScreen.storyboard */,
				407166E71CDCF0E20098B17C /* Info.plist */,
				407167091CDCF18F0098B17C /* BaseService.swift */,
				4071670D1CDCFA9F0098B17C /* SignUpViewController.swift */,
				4071670F1CDCFCEA0098B17C /* ChoiceViewController.swift */,
				40E9615F1CF1DFFF008A6A7E /* UserOrdersTableViewController.swift */,
				40E961611CF1E316008A6A7E /* addOrderController.swift */,
				406158E61CF303A0001A14E6 /* UserOrderCell.swift */,
				40DE3B9A1CF30AF90077DC41 /* UserOrders.swift */,
				403535DC1CF3E64900F9FE58 /* MapViewController.swift */,
				403535DE1CF3F0B500F9FE58 /* AllOrdersTableController.swift */,
			);
			path = "DeliverNow-v2";
			sourceTree = "<group>";
		};
		407166EF1CDCF0E20098B17C /* DeliverNow-v2Tests */ = {
			isa = PBXGroup;
			children = (
				407166F01CDCF0E20098B17C /* DeliverNow_v2Tests.swift */,
				407166F21CDCF0E20098B17C /* Info.plist */,
			);
			path = "DeliverNow-v2Tests";
			sourceTree = "<group>";
		};
		407166FA1CDCF0E20098B17C /* DeliverNow-v2UITests */ = {
			isa = PBXGroup;
			children = (
				407166FB1CDCF0E20098B17C /* DeliverNow_v2UITests.swift */,
				407166FD1CDCF0E20098B17C /* Info.plist */,
			);
			path = "DeliverNow-v2UITests";
			sourceTree = "<group>";
		};
		85459818AE28100E6F9C3A03 /* Frameworks */ = {
			isa = PBXGroup;
			children = (
				C0377EE5658E455CA0F04BB0 /* Pods_DeliverNow_v2.framework */,
			);
			name = Frameworks;
			sourceTree = "<group>";
		};
		A63957DE8FF1F834D9C281F3 /* Pods */ = {
			isa = PBXGroup;
			children = (
				86EB1E53A8F7D5357DA8D3C9 /* Pods-DeliverNow-v2.debug.xcconfig */,
				6544D6A5D9D1500FC847FF9C /* Pods-DeliverNow-v2.release.xcconfig */,
			);
			name = Pods;
			sourceTree = "<group>";
		};
/* End PBXGroup section */

/* Begin PBXNativeTarget section */
		407166D71CDCF0E20098B17C /* DeliverNow-v2 */ = {
			isa = PBXNativeTarget;
			buildConfigurationList = 407167001CDCF0E20098B17C /* Build configuration list for PBXNativeTarget "DeliverNow-v2" */;
			buildPhases = (
				2346F6BE54750420C3FA720A /* Check Pods Manifest.lock */,
				407166D41CDCF0E20098B17C /* Sources */,
				407166D51CDCF0E20098B17C /* Frameworks */,
				407166D61CDCF0E20098B17C /* Resources */,
				04C3553438C9A3EAD3D49E30 /* Embed Pods Frameworks */,
				86FEA3A665609B1714FBC06B /* Copy Pods Resources */,
			);
			buildRules = (
			);
			dependencies = (
			);
			name = "DeliverNow-v2";
			productName = "DeliverNow-v2";
			productReference = 407166D81CDCF0E20098B17C /* DeliverNow-v2.app */;
			productType = "com.apple.product-type.application";
		};
		407166EB1CDCF0E20098B17C /* DeliverNow-v2Tests */ = {
			isa = PBXNativeTarget;
			buildConfigurationList = 407167031CDCF0E20098B17C /* Build configuration list for PBXNativeTarget "DeliverNow-v2Tests" */;
			buildPhases = (
				407166E81CDCF0E20098B17C /* Sources */,
				407166E91CDCF0E20098B17C /* Frameworks */,
				407166EA1CDCF0E20098B17C /* Resources */,
			);
			buildRules = (
			);
			dependencies = (
				407166EE1CDCF0E20098B17C /* PBXTargetDependency */,
			);
			name = "DeliverNow-v2Tests";
			productName = "DeliverNow-v2Tests";
			productReference = 407166EC1CDCF0E20098B17C /* DeliverNow-v2Tests.xctest */;
			productType = "com.apple.product-type.bundle.unit-test";
		};
		407166F61CDCF0E20098B17C /* DeliverNow-v2UITests */ = {
			isa = PBXNativeTarget;
			buildConfigurationList = 407167061CDCF0E20098B17C /* Build configuration list for PBXNativeTarget "DeliverNow-v2UITests" */;
			buildPhases = (
				407166F31CDCF0E20098B17C /* Sources */,
				407166F41CDCF0E20098B17C /* Frameworks */,
				407166F51CDCF0E20098B17C /* Resources */,
			);
			buildRules = (
			);
			dependencies = (
				407166F91CDCF0E20098B17C /* PBXTargetDependency */,
			);
			name = "DeliverNow-v2UITests";
			productName = "DeliverNow-v2UITests";
			productReference = 407166F71CDCF0E20098B17C /* DeliverNow-v2UITests.xctest */;
			productType = "com.apple.product-type.bundle.ui-testing";
		};
/* End PBXNativeTarget section */

/* Begin PBXProject section */
		407166D01CDCF0E20098B17C /* Project object */ = {
			isa = PBXProject;
			attributes = {
				LastSwiftUpdateCheck = 0730;
				LastUpgradeCheck = 0730;
				ORGANIZATIONNAME = TENG;
				TargetAttributes = {
					407166D71CDCF0E20098B17C = {
						CreatedOnToolsVersion = 7.3;
					};
					407166EB1CDCF0E20098B17C = {
						CreatedOnToolsVersion = 7.3;
						TestTargetID = 407166D71CDCF0E20098B17C;
					};
					407166F61CDCF0E20098B17C = {
						CreatedOnToolsVersion = 7.3;
						TestTargetID = 407166D71CDCF0E20098B17C;
					};
				};
			};
			buildConfigurationList = 407166D31CDCF0E20098B17C /* Build configuration list for PBXProject "DeliverNow-v2" */;
			compatibilityVersion = "Xcode 3.2";
			developmentRegion = English;
			hasScannedForEncodings = 0;
			knownRegions = (
				en,
				Base,
			);
			mainGroup = 407166CF1CDCF0E20098B17C;
			productRefGroup = 407166D91CDCF0E20098B17C /* Products */;
			projectDirPath = "";
			projectRoot = "";
			targets = (
				407166D71CDCF0E20098B17C /* DeliverNow-v2 */,
				407166EB1CDCF0E20098B17C /* DeliverNow-v2Tests */,
				407166F61CDCF0E20098B17C /* DeliverNow-v2UITests */,
			);
		};
/* End PBXProject section */

/* Begin PBXResourcesBuildPhase section */
		407166D61CDCF0E20098B17C /* Resources */ = {
			isa = PBXResourcesBuildPhase;
			buildActionMask = 2147483647;
			files = (
				407166E61CDCF0E20098B17C /* LaunchScreen.storyboard in Resources */,
				407166E31CDCF0E20098B17C /* Assets.xcassets in Resources */,
				407166E11CDCF0E20098B17C /* Main.storyboard in Resources */,
			);
			runOnlyForDeploymentPostprocessing = 0;
		};
		407166EA1CDCF0E20098B17C /* Resources */ = {
			isa = PBXResourcesBuildPhase;
			buildActionMask = 2147483647;
			files = (
			);
			runOnlyForDeploymentPostprocessing = 0;
		};
		407166F51CDCF0E20098B17C /* Resources */ = {
			isa = PBXResourcesBuildPhase;
			buildActionMask = 2147483647;
			files = (
			);
			runOnlyForDeploymentPostprocessing = 0;
		};
/* End PBXResourcesBuildPhase section */

/* Begin PBXShellScriptBuildPhase section */
		04C3553438C9A3EAD3D49E30 /* Embed Pods Frameworks */ = {
			isa = PBXShellScriptBuildPhase;
			buildActionMask = 2147483647;
			files = (
			);
			inputPaths = (
			);
			name = "Embed Pods Frameworks";
			outputPaths = (
			);
			runOnlyForDeploymentPostprocessing = 0;
			shellPath = /bin/sh;
			shellScript = "\"${SRCROOT}/Pods/Target Support Files/Pods-DeliverNow-v2/Pods-DeliverNow-v2-frameworks.sh\"\n";
			showEnvVarsInLog = 0;
		};
		2346F6BE54750420C3FA720A /* Check Pods Manifest.lock */ = {
			isa = PBXShellScriptBuildPhase;
			buildActionMask = 2147483647;
			files = (
			);
			inputPaths = (
			);
			name = "Check Pods Manifest.lock";
			outputPaths = (
			);
			runOnlyForDeploymentPostprocessing = 0;
			shellPath = /bin/sh;
			shellScript = "diff \"${PODS_ROOT}/../Podfile.lock\" \"${PODS_ROOT}/Manifest.lock\" > /dev/null\nif [[ $? != 0 ]] ; then\n    cat << EOM\nerror: The sandbox is not in sync with the Podfile.lock. Run 'pod install' or update your CocoaPods installation.\nEOM\n    exit 1\nfi\n";
			showEnvVarsInLog = 0;
		};
		86FEA3A665609B1714FBC06B /* Copy Pods Resources */ = {
			isa = PBXShellScriptBuildPhase;
			buildActionMask = 2147483647;
			files = (
			);
			inputPaths = (
			);
			name = "Copy Pods Resources";
			outputPaths = (
			);
			runOnlyForDeploymentPostprocessing = 0;
			shellPath = /bin/sh;
			shellScript = "\"${SRCROOT}/Pods/Target Support Files/Pods-DeliverNow-v2/Pods-DeliverNow-v2-resources.sh\"\n";
			showEnvVarsInLog = 0;
		};
/* End PBXShellScriptBuildPhase section */

/* Begin PBXSourcesBuildPhase section */
		407166D41CDCF0E20098B17C /* Sources */ = {
			isa = PBXSourcesBuildPhase;
			buildActionMask = 2147483647;
			files = (
				407166DE1CDCF0E20098B17C /* ViewController.swift in Sources */,
				406158E71CF303A0001A14E6 /* UserOrderCell.swift in Sources */,
				407166DC1CDCF0E20098B17C /* AppDelegate.swift in Sources */,
				403535DF1CF3F0B500F9FE58 /* AllOrdersTableController.swift in Sources */,
				403535DD1CF3E64900F9FE58 /* MapViewController.swift in Sources */,
				407167101CDCFCEA0098B17C /* ChoiceViewController.swift in Sources */,
				4071670E1CDCFA9F0098B17C /* SignUpViewController.swift in Sources */,
				4071670A1CDCF18F0098B17C /* BaseService.swift in Sources */,
				40E961601CF1DFFF008A6A7E /* UserOrdersTableViewController.swift in Sources */,
				40DE3B9B1CF30AF90077DC41 /* UserOrders.swift in Sources */,
				40E961621CF1E316008A6A7E /* addOrderController.swift in Sources */,
			);
			runOnlyForDeploymentPostprocessing = 0;
		};
		407166E81CDCF0E20098B17C /* Sources */ = {
			isa = PBXSourcesBuildPhase;
			buildActionMask = 2147483647;
			files = (
				407166F11CDCF0E20098B17C /* DeliverNow_v2Tests.swift in Sources */,
				403535E01CF3F7B500F9FE58 /* MapViewController.swift in Sources */,
			);
			runOnlyForDeploymentPostprocessing = 0;
		};
		407166F31CDCF0E20098B17C /* Sources */ = {
			isa = PBXSourcesBuildPhase;
			buildActionMask = 2147483647;
			files = (
				407166FC1CDCF0E20098B17C /* DeliverNow_v2UITests.swift in Sources */,
			);
			runOnlyForDeploymentPostprocessing = 0;
		};
/* End PBXSourcesBuildPhase section */

/* Begin PBXTargetDependency section */
		407166EE1CDCF0E20098B17C /* PBXTargetDependency */ = {
			isa = PBXTargetDependency;
			target = 407166D71CDCF0E20098B17C /* DeliverNow-v2 */;
			targetProxy = 407166ED1CDCF0E20098B17C /* PBXContainerItemProxy */;
		};
		407166F91CDCF0E20098B17C /* PBXTargetDependency */ = {
			isa = PBXTargetDependency;
			target = 407166D71CDCF0E20098B17C /* DeliverNow-v2 */;
			targetProxy = 407166F81CDCF0E20098B17C /* PBXContainerItemProxy */;
		};
/* End PBXTargetDependency section */

/* Begin PBXVariantGroup section */
		407166DF1CDCF0E20098B17C /* Main.storyboard */ = {
			isa = PBXVariantGroup;
			children = (
				407166E01CDCF0E20098B17C /* Base */,
			);
			name = Main.storyboard;
			sourceTree = "<group>";
		};
		407166E41CDCF0E20098B17C /* LaunchScreen.storyboard */ = {
			isa = PBXVariantGroup;
			children = (
				407166E51CDCF0E20098B17C /* Base */,
			);
			name = LaunchScreen.storyboard;
			sourceTree = "<group>";
		};
/* End PBXVariantGroup section */

/* Begin XCBuildConfiguration section */
		407166FE1CDCF0E20098B17C /* Debug */ = {
			isa = XCBuildConfiguration;
			buildSettings = {
				ALWAYS_SEARCH_USER_PATHS = NO;
				CLANG_ANALYZER_NONNULL = YES;
				CLANG_CXX_LANGUAGE_STANDARD = "gnu++0x";
				CLANG_CXX_LIBRARY = "libc++";
				CLANG_ENABLE_MODULES = YES;
				CLANG_ENABLE_OBJC_ARC = YES;
				CLANG_WARN_BOOL_CONVERSION = YES;
				CLANG_WARN_CONSTANT_CONVERSION = YES;
				CLANG_WARN_DIRECT_OBJC_ISA_USAGE = YES_ERROR;
				CLANG_WARN_EMPTY_BODY = YES;
				CLANG_WARN_ENUM_CONVERSION = YES;
				CLANG_WARN_INT_CONVERSION = YES;
				CLANG_WARN_OBJC_ROOT_CLASS = YES_ERROR;
				CLANG_WARN_UNREACHABLE_CODE = YES;
				CLANG_WARN__DUPLICATE_METHOD_MATCH = YES;
				"CODE_SIGN_IDENTITY[sdk=iphoneos*]" = "iPhone Developer";
				COPY_PHASE_STRIP = NO;
				DEBUG_INFORMATION_FORMAT = dwarf;
				ENABLE_STRICT_OBJC_MSGSEND = YES;
				ENABLE_TESTABILITY = YES;
				GCC_C_LANGUAGE_STANDARD = gnu99;
				GCC_DYNAMIC_NO_PIC = NO;
				GCC_NO_COMMON_BLOCKS = YES;
				GCC_OPTIMIZATION_LEVEL = 0;
				GCC_PREPROCESSOR_DEFINITIONS = (
					"DEBUG=1",
					"$(inherited)",
				);
				GCC_WARN_64_TO_32_BIT_CONVERSION = YES;
				GCC_WARN_ABOUT_RETURN_TYPE = YES_ERROR;
				GCC_WARN_UNDECLARED_SELECTOR = YES;
				GCC_WARN_UNINITIALIZED_AUTOS = YES_AGGRESSIVE;
				GCC_WARN_UNUSED_FUNCTION = YES;
				GCC_WARN_UNUSED_VARIABLE = YES;
				IPHONEOS_DEPLOYMENT_TARGET = 9.3;
				MTL_ENABLE_DEBUG_INFO = YES;
				ONLY_ACTIVE_ARCH = YES;
				SDKROOT = iphoneos;
				SWIFT_OPTIMIZATION_LEVEL = "-Onone";
			};
			name = Debug;
		};
		407166FF1CDCF0E20098B17C /* Release */ = {
			isa = XCBuildConfiguration;
			buildSettings = {
				ALWAYS_SEARCH_USER_PATHS = NO;
				CLANG_ANALYZER_NONNULL = YES;
				CLANG_CXX_LANGUAGE_STANDARD = "gnu++0x";
				CLANG_CXX_LIBRARY = "libc++";
				CLANG_ENABLE_MODULES = YES;
				CLANG_ENABLE_OBJC_ARC = YES;
				CLANG_WARN_BOOL_CONVERSION = YES;
				CLANG_WARN_CONSTANT_CONVERSION = YES;
				CLANG_WARN_DIRECT_OBJC_ISA_USAGE = YES_ERROR;
				CLANG_WARN_EMPTY_BODY = YES;
				CLANG_WARN_ENUM_CONVERSION = YES;
				CLANG_WARN_INT_CONVERSION = YES;
				CLANG_WARN_OBJC_ROOT_CLASS = YES_ERROR;
				CLANG_WARN_UNREACHABLE_CODE = YES;
				CLANG_WARN__DUPLICATE_METHOD_MATCH = YES;
				"CODE_SIGN_IDENTITY[sdk=iphoneos*]" = "iPhone Developer";
				COPY_PHASE_STRIP = NO;
				DEBUG_INFORMATION_FORMAT = "dwarf-with-dsym";
				ENABLE_NS_ASSERTIONS = NO;
				ENABLE_STRICT_OBJC_MSGSEND = YES;
				GCC_C_LANGUAGE_STANDARD = gnu99;
				GCC_NO_COMMON_BLOCKS = YES;
				GCC_WARN_64_TO_32_BIT_CONVERSION = YES;
				GCC_WARN_ABOUT_RETURN_TYPE = YES_ERROR;
				GCC_WARN_UNDECLARED_SELECTOR = YES;
				GCC_WARN_UNINITIALIZED_AUTOS = YES_AGGRESSIVE;
				GCC_WARN_UNUSED_FUNCTION = YES;
				GCC_WARN_UNUSED_VARIABLE = YES;
				IPHONEOS_DEPLOYMENT_TARGET = 9.3;
				MTL_ENABLE_DEBUG_INFO = NO;
				SDKROOT = iphoneos;
				VALIDATE_PRODUCT = YES;
			};
			name = Release;
		};
		407167011CDCF0E20098B17C /* Debug */ = {
			isa = XCBuildConfiguration;
			baseConfigurationReference = 86EB1E53A8F7D5357DA8D3C9 /* Pods-DeliverNow-v2.debug.xcconfig */;
			buildSettings = {
				ASSETCATALOG_COMPILER_APPICON_NAME = AppIcon;
				INFOPLIST_FILE = "DeliverNow-v2/Info.plist";
				LD_RUNPATH_SEARCH_PATHS = "$(inherited) @executable_path/Frameworks";
				PRODUCT_BUNDLE_IDENTIFIER = "monash.DeliverNow-v2";
				PRODUCT_NAME = "$(TARGET_NAME)";
			};
			name = Debug;
		};
		407167021CDCF0E20098B17C /* Release */ = {
			isa = XCBuildConfiguration;
			baseConfigurationReference = 6544D6A5D9D1500FC847FF9C /* Pods-DeliverNow-v2.release.xcconfig */;
			buildSettings = {
				ASSETCATALOG_COMPILER_APPICON_NAME = AppIcon;
				INFOPLIST_FILE = "DeliverNow-v2/Info.plist";
				LD_RUNPATH_SEARCH_PATHS = "$(inherited) @executable_path/Frameworks";
				PRODUCT_BUNDLE_IDENTIFIER = "monash.DeliverNow-v2";
				PRODUCT_NAME = "$(TARGET_NAME)";
			};
			name = Release;
		};
		407167041CDCF0E20098B17C /* Debug */ = {
			isa = XCBuildConfiguration;
			buildSettings = {
				BUNDLE_LOADER = "$(TEST_HOST)";
				INFOPLIST_FILE = "DeliverNow-v2Tests/Info.plist";
				LD_RUNPATH_SEARCH_PATHS = "$(inherited) @executable_path/Frameworks @loader_path/Frameworks";
				PRODUCT_BUNDLE_IDENTIFIER = "monash.DeliverNow-v2Tests";
				PRODUCT_NAME = "$(TARGET_NAME)";
				TEST_HOST = "$(BUILT_PRODUCTS_DIR)/DeliverNow-v2.app/DeliverNow-v2";
			};
			name = Debug;
		};
		407167051CDCF0E20098B17C /* Release */ = {
			isa = XCBuildConfiguration;
			buildSettings = {
				BUNDLE_LOADER = "$(TEST_HOST)";
				INFOPLIST_FILE = "DeliverNow-v2Tests/Info.plist";
				LD_RUNPATH_SEARCH_PATHS = "$(inherited) @executable_path/Frameworks @loader_path/Frameworks";
				PRODUCT_BUNDLE_IDENTIFIER = "monash.DeliverNow-v2Tests";
				PRODUCT_NAME = "$(TARGET_NAME)";
				TEST_HOST = "$(BUILT_PRODUCTS_DIR)/DeliverNow-v2.app/DeliverNow-v2";
			};
			name = Release;
		};
		407167071CDCF0E20098B17C /* Debug */ = {
			isa = XCBuildConfiguration;
			buildSettings = {
				INFOPLIST_FILE = "DeliverNow-v2UITests/Info.plist";
				LD_RUNPATH_SEARCH_PATHS = "$(inherited) @executable_path/Frameworks @loader_path/Frameworks";
				PRODUCT_BUNDLE_IDENTIFIER = "monash.DeliverNow-v2UITests";
				PRODUCT_NAME = "$(TARGET_NAME)";
				TEST_TARGET_NAME = "DeliverNow-v2";
			};
			name = Debug;
		};
		407167081CDCF0E20098B17C /* Release */ = {
			isa = XCBuildConfiguration;
			buildSettings = {
				INFOPLIST_FILE = "DeliverNow-v2UITests/Info.plist";
				LD_RUNPATH_SEARCH_PATHS = "$(inherited) @executable_path/Frameworks @loader_path/Frameworks";
				PRODUCT_BUNDLE_IDENTIFIER = "monash.DeliverNow-v2UITests";
				PRODUCT_NAME = "$(TARGET_NAME)";
				TEST_TARGET_NAME = "DeliverNow-v2";
			};
			name = Release;
		};
/* End XCBuildConfiguration section */

/* Begin XCConfigurationList section */
		407166D31CDCF0E20098B17C /* Build configuration list for PBXProject "DeliverNow-v2" */ = {
			isa = XCConfigurationList;
			buildConfigurations = (
				407166FE1CDCF0E20098B17C /* Debug */,
				407166FF1CDCF0E20098B17C /* Release */,
			);
			defaultConfigurationIsVisible = 0;
			defaultConfigurationName = Release;
		};
		407167001CDCF0E20098B17C /* Build configuration list for PBXNativeTarget "DeliverNow-v2" */ = {
			isa = XCConfigurationList;
			buildConfigurations = (
				407167011CDCF0E20098B17C /* Debug */,
				407167021CDCF0E20098B17C /* Release */,
			);
			defaultConfigurationIsVisible = 0;
			defaultConfigurationName = Release;
		};
		407167031CDCF0E20098B17C /* Build configuration list for PBXNativeTarget "DeliverNow-v2Tests" */ = {
			isa = XCConfigurationList;
			buildConfigurations = (
				407167041CDCF0E20098B17C /* Debug */,
				407167051CDCF0E20098B17C /* Release */,
			);
			defaultConfigurationIsVisible = 0;
			defaultConfigurationName = Release;
		};
		407167061CDCF0E20098B17C /* Build configuration list for PBXNativeTarget "DeliverNow-v2UITests" */ = {
			isa = XCConfigurationList;
			buildConfigurations = (
				407167071CDCF0E20098B17C /* Debug */,
				407167081CDCF0E20098B17C /* Release */,
			);
			defaultConfigurationIsVisible = 0;
			defaultConfigurationName = Release;
		};
/* End XCConfigurationList section */
	};
	rootObject = 407166D01CDCF0E20098B17C /* Project object */;
}
